{
  "name": "json2schema",
  "version": "0.1.0",
  "lockfileVersion": 1,
  "requires": true,
  "dependencies": {
    "@types/lodash": {
      "version": "4.14.142",
      "resolved": "http://r.cnpmjs.org/@types/lodash/download/@types/lodash-4.14.142.tgz",
      "integrity": "sha1-UtXa/4eONucuKZu5xYcf1q7lWCk="
    },
    "@types/node": {
      "version": "12.7.11",
      "resolved": "http://r.cnpmjs.org/@types/node/download/@types/node-12.7.11.tgz",
      "integrity": "sha1-voebUgMc+10pWwR/VGLY7xpxZEY="
    },
    "arg": {
      "version": "4.1.1",
      "resolved": "http://r.cnpmjs.org/arg/download/arg-4.1.1.tgz",
      "integrity": "sha1-SF+OfDkM5MX3glfb6oDUvhH+2kw=",
      "dev": true
    },
    "buffer-from": {
      "version": "1.1.1",
      "resolved": "http://r.cnpmjs.org/buffer-from/download/buffer-from-1.1.1.tgz",
      "integrity": "sha1-MnE7wCj3XAL9txDXx7zsHyxgcO8=",
      "dev": true
    },
    "diff": {
      "version": "4.0.1",
      "resolved": "http://r.cnpmjs.org/diff/download/diff-4.0.1.tgz",
      "integrity": "sha1-DGZ8tGfru1zqfxTxNcwtuneAqP8=",
      "dev": true
    },
    "jsonc-parser": {
      "version": "2.1.1",
      "resolved": "http://r.cnpmjs.org/jsonc-parser/download/jsonc-parser-2.1.1.tgz",
      "integrity": "sha1-g9w9em5xhjRriJsSgO76BERsbT4="
    },
    "lodash": {
      "version": "4.17.15",
      "resolved": "http://r.cnpmjs.org/lodash/download/lodash-4.17.15.tgz",
      "integrity": "sha1-tEf2ZwoEVbv+7dETku/zMOoJdUg="
    },
    "make-error": {
      "version": "1.3.5",
      "resolved": "http://r.cnpmjs.org/make-error/download/make-error-1.3.5.tgz",
      "integrity": "sha1-7+ToH22yjK3WBccPKcgxtY73dsg=",
      "dev": true
    },
    "source-map": {
      "version": "0.6.1",
      "resolved": "http://r.cnpmjs.org/source-map/download/source-map-0.6.1.tgz",
      "integrity": "sha1-dHIq8y6WFOnCh6jQu95IteLxomM=",
      "dev": true
    },
    "source-map-support": {
      "version": "0.5.13",
      "resolved": "http://r.cnpmjs.org/source-map-support/download/source-map-support-0.5.13.tgz",
      "integrity": "sha1-MbJKnC5zwt6FBmwP631Edn7VKTI=",
      "dev": true,
      "requires": {
        "buffer-from": "^1.0.0",
        "source-map": "^0.6.0"
      }
    },
    "ts-node": {
      "version": "8.4.1",
      "resolved": "http://r.cnpmjs.org/ts-node/download/ts-node-8.4.1.tgz",
      "integrity": "sha1-JwsNuhbocjyfpPm0d104EP2ZS08=",
      "dev": true,
      "requires": {
        "arg": "^4.1.0",
        "diff": "^4.0.1",
        "make-error": "^1.1.1",
        "source-map-support": "^0.5.6",
        "yn": "^3.0.0"
      }
    },
    "typescript": {
      "version": "3.6.3",
      "resolved": "http://r.cnpmjs.org/typescript/download/typescript-3.6.3.tgz",
      "integrity": "sha1-/qlC+rsg9+HKcWT/Ym8anz9wtNo=",
      "dev": true
    },
    "yn": {
      "version": "3.1.1",
      "resolved": "http://r.cnpmjs.org/yn/download/yn-3.1.1.tgz",
      "integrity": "sha1-HodAGgnXZ8HV6rJqbkwYUYLS61A=",
      "dev": true
    }
  }
}
